
Microsoft Visual Studio Solution File, Format Version 12.00
# Visual Studio Version 17
VisualStudioVersion = 17.13.36105.23 d17.13
MinimumVisualStudioVersion = 10.0.40219.1
Project("{FAE04EC0-301F-11D3-BF4B-00C04F79EFBC}") = "EmployeeManagementSystem", "EmployeeManagementSystem\EmployeeManagementSystem.csproj", "{48C356E2-5AEA-413A-BA8A-C7EB5336E1A4}"
EndProject
Global
	GlobalSection(SolutionConfigurationPlatforms) = preSolution
		Debug|Any CPU = Debug|Any CPU
		Release|Any CPU = Release|Any CPU
	EndGlobalSection
	GlobalSection(ProjectConfigurationPlatforms) = postSolution
		{48C356E2-5AEA-413A-BA8A-C7EB5336E1A4}.Debug|Any CPU.ActiveCfg = Debug|Any CPU
		{48C356E2-5AEA-413A-BA8A-C7EB5336E1A4}.Debug|Any CPU.Build.0 = Debug|Any CPU
		{48C356E2-5AEA-413A-BA8A-C7EB5336E1A4}.Release|Any CPU.ActiveCfg = Release|Any CPU
		{48C356E2-5AEA-413A-BA8A-C7EB5336E1A4}.Release|Any CPU.Build.0 = Release|Any CPU
	EndGlobalSection
	GlobalSection(SolutionProperties) = preSolution
		HideSolutionNode = FALSE
	EndGlobalSection
	GlobalSection(ExtensibilityGlobals) = postSolution
		SolutionGuid = {7D9E4CFE-C070-4760-BC31-FCFC95C50454}
	EndGlobalSection
EndGlobal
